
Microsoft Visual Studio Solution File, Format Version 12.00
# Visual Studio Version 17
VisualStudioVersion = 17.6.33801.468
MinimumVisualStudioVersion = 10.0.40219.1
Project("{FAE04EC0-301F-11D3-BF4B-00C04F79EFBC}") = "Schwimmbad_Release", "Schwimmbad_Release\Schwimmbad_Release.csproj", "{3810D4A5-86FD-48D6-B533-1AFDE83946D2}"
EndProject
Global
	GlobalSection(SolutionConfigurationPlatforms) = preSolution
		Debug|Any CPU = Debug|Any CPU
		Release|Any CPU = Release|Any CPU
	EndGlobalSection
	GlobalSection(ProjectConfigurationPlatforms) = postSolution
		{3810D4A5-86FD-48D6-B533-1AFDE83946D2}.Debug|Any CPU.ActiveCfg = Debug|Any CPU
		{3810D4A5-86FD-48D6-B533-1AFDE83946D2}.Debug|Any CPU.Build.0 = Debug|Any CPU
		{3810D4A5-86FD-48D6-B533-1AFDE83946D2}.Release|Any CPU.ActiveCfg = Release|Any CPU
		{3810D4A5-86FD-48D6-B533-1AFDE83946D2}.Release|Any CPU.Build.0 = Release|Any CPU
	EndGlobalSection
	GlobalSection(SolutionProperties) = preSolution
		HideSolutionNode = FALSE
	EndGlobalSection
	GlobalSection(ExtensibilityGlobals) = postSolution
		SolutionGuid = {3741F016-277A-49CF-9F98-15E7E5C9CA35}
	EndGlobalSection
EndGlobal
